<?xml version="1.0" encoding="utf-8"?>
<Project ToolsVersion="17.0" xmlns="http://schemas.microsoft.com/developer/msbuild/2003">
  <ItemGroup>
    <ClCompile Include="D:\Distr\SRC\RbFX\empty-project\Plugins\Core.SamplePlugin\SampleComponent.cpp">
      <Filter>Source Files</Filter>
    </ClCompile>
    <ClCompile Include="D:\Distr\SRC\RbFX\empty-project\Plugins\Core.SamplePlugin\_Plugin.cpp">
      <Filter>Source Files</Filter>
    </ClCompile>
  </ItemGroup>
  <ItemGroup>
    <ClInclude Include="D:\Distr\SRC\RbFX\empty-project\Plugins\Core.SamplePlugin\SampleComponent.h">
      <Filter>Header Files</Filter>
    </ClInclude>
    <ClInclude Include="D:\Distr\SRC\RbFX\empty-project\Plugins\Core.SamplePlugin\_Plugin.h">
      <Filter>Header Files</Filter>
    </ClInclude>
  </ItemGroup>
  <ItemGroup>
    <CustomBuild Include="D:\Distr\SRC\RbFX\empty-project\Plugins\Core.SamplePlugin\CMakeLists.txt" />
  </ItemGroup>
  <ItemGroup>
    <Filter Include="Header Files">
      <UniqueIdentifier>{05C02306-B463-373F-BC21-C503B43D728B}</UniqueIdentifier>
    </Filter>
    <Filter Include="Source Files">
      <UniqueIdentifier>{E71D1EDB-B85D-345C-A934-423784F583F2}</UniqueIdentifier>
    </Filter>
  </ItemGroup>
</Project>
